
Microsoft Visual Studio Solution File, Format Version 12.00
# Visual Studio Version 16
VisualStudioVersion = 16.0.31624.102
MinimumVisualStudioVersion = 10.0.40219.1
Project("{FAE04EC0-301F-11D3-BF4B-00C04F79EFBC}") = "Employee Management System", "Employee Management System\Employee Management System.csproj", "{F8A5EBA6-FB5D-4F05-82CE-878811F58D28}"
EndProject
Global
	GlobalSection(SolutionConfigurationPlatforms) = preSolution
		Debug|Any CPU = Debug|Any CPU
		Release|Any CPU = Release|Any CPU
	EndGlobalSection
	GlobalSection(ProjectConfigurationPlatforms) = postSolution
		{F8A5EBA6-FB5D-4F05-82CE-878811F58D28}.Debug|Any CPU.ActiveCfg = Debug|Any CPU
		{F8A5EBA6-FB5D-4F05-82CE-878811F58D28}.Debug|Any CPU.Build.0 = Debug|Any CPU
		{F8A5EBA6-FB5D-4F05-82CE-878811F58D28}.Release|Any CPU.ActiveCfg = Release|Any CPU
		{F8A5EBA6-FB5D-4F05-82CE-878811F58D28}.Release|Any CPU.Build.0 = Release|Any CPU
	EndGlobalSection
	GlobalSection(SolutionProperties) = preSolution
		HideSolutionNode = FALSE
	EndGlobalSection
	GlobalSection(ExtensibilityGlobals) = postSolution
		SolutionGuid = {8FAA2085-32C0-4EE9-8B4B-55BA575FCD6A}
	EndGlobalSection
EndGlobal
